
Microsoft Visual Studio Solution File, Format Version 10.00
# Visual Studio 2008
Project("{FAE04EC0-301F-11D3-BF4B-00C04F79EFBC}") = "SIMA.Client", "SIMA.Client\SIMA.Client.csproj", "{39C7FC77-9EBD-40E0-A219-23C9E3F9779F}"
EndProject
Project("{FAE04EC0-301F-11D3-BF4B-00C04F79EFBC}") = "SIMA.Entities", "SIMA.Entities\SIMA.Entities.csproj", "{55701086-452E-40A4-A8A0-8DDBF02D0469}"
EndProject
Project("{FAE04EC0-301F-11D3-BF4B-00C04F79EFBC}") = "SIMA.DataAccess", "SIMA.DataAccess\SIMA.DataAccess.csproj", "{66348996-DB50-4531-B8B3-BE8BF79A83CD}"
EndProject
Project("{FAE04EC0-301F-11D3-BF4B-00C04F79EFBC}") = "SIMA.Logic", "SIMA.Logic\SIMA.Logic.csproj", "{3705EB81-6002-484F-82D4-2C3DCA33EB3F}"
EndProject
Project("{2150E333-8FDC-42A3-9474-1A3956D46DE8}") = "Presentación", "Presentación", "{E3BB3F8E-ABE9-4476-9A76-63638EFCB7C8}"
EndProject
Project("{2150E333-8FDC-42A3-9474-1A3956D46DE8}") = "Lógica", "Lógica", "{E8AFA90F-CA7B-4B32-828F-38B476E4C716}"
EndProject
Project("{2150E333-8FDC-42A3-9474-1A3956D46DE8}") = "Acceso a Datos", "Acceso a Datos", "{425C7C2A-6393-4F25-B06B-4878C860ACEA}"
EndProject
Project("{2150E333-8FDC-42A3-9474-1A3956D46DE8}") = "Base de Datos", "Base de Datos", "{60690122-2142-46A0-A5C4-4E6BEF8768BD}"
	ProjectSection(SolutionItems) = preProject
		SIMA.Sql\T_C_AlertaDelete.sql = SIMA.Sql\T_C_AlertaDelete.sql
		SIMA.Sql\T_C_AlertaDeleteAllById_Equipo.sql = SIMA.Sql\T_C_AlertaDeleteAllById_Equipo.sql
		SIMA.Sql\T_C_AlertaDeleteAllById_Estado.sql = SIMA.Sql\T_C_AlertaDeleteAllById_Estado.sql
		SIMA.Sql\T_C_AlertaInsert.sql = SIMA.Sql\T_C_AlertaInsert.sql
		SIMA.Sql\T_C_AlertaSelect.sql = SIMA.Sql\T_C_AlertaSelect.sql
		SIMA.Sql\T_C_AlertaSelectAll.sql = SIMA.Sql\T_C_AlertaSelectAll.sql
		SIMA.Sql\T_C_AlertaSelectAllById_Equipo.sql = SIMA.Sql\T_C_AlertaSelectAllById_Equipo.sql
		SIMA.Sql\T_C_AlertaSelectAllById_Estado.sql = SIMA.Sql\T_C_AlertaSelectAllById_Estado.sql
		SIMA.Sql\T_C_AlertaUpdate.sql = SIMA.Sql\T_C_AlertaUpdate.sql
		SIMA.Sql\T_C_AreaDelete.sql = SIMA.Sql\T_C_AreaDelete.sql
		SIMA.Sql\T_C_AreaDeleteAllById_Estado.sql = SIMA.Sql\T_C_AreaDeleteAllById_Estado.sql
		SIMA.Sql\T_C_AreaInsert.sql = SIMA.Sql\T_C_AreaInsert.sql
		SIMA.Sql\T_C_AreaSelect.sql = SIMA.Sql\T_C_AreaSelect.sql
		SIMA.Sql\T_C_AreaSelectAll.sql = SIMA.Sql\T_C_AreaSelectAll.sql
		SIMA.Sql\T_C_AreaSelectAllById_Estado.sql = SIMA.Sql\T_C_AreaSelectAllById_Estado.sql
		SIMA.Sql\T_C_AreaUpdate.sql = SIMA.Sql\T_C_AreaUpdate.sql
		SIMA.Sql\T_C_DetalleOrdenDeTrabajoDelete.sql = SIMA.Sql\T_C_DetalleOrdenDeTrabajoDelete.sql
		SIMA.Sql\T_C_DetalleOrdenDeTrabajoDeleteAllById_Estado.sql = SIMA.Sql\T_C_DetalleOrdenDeTrabajoDeleteAllById_Estado.sql
		SIMA.Sql\T_C_DetalleOrdenDeTrabajoDeleteAllById_OrdenTrabajo.sql = SIMA.Sql\T_C_DetalleOrdenDeTrabajoDeleteAllById_OrdenTrabajo.sql
		SIMA.Sql\T_C_DetalleOrdenDeTrabajoDeleteAllById_Solicitud.sql = SIMA.Sql\T_C_DetalleOrdenDeTrabajoDeleteAllById_Solicitud.sql
		SIMA.Sql\T_C_DetalleOrdenDeTrabajoInsert.sql = SIMA.Sql\T_C_DetalleOrdenDeTrabajoInsert.sql
		SIMA.Sql\T_C_DetalleOrdenDeTrabajoSelect.sql = SIMA.Sql\T_C_DetalleOrdenDeTrabajoSelect.sql
		SIMA.Sql\T_C_DetalleOrdenDeTrabajoSelectAll.sql = SIMA.Sql\T_C_DetalleOrdenDeTrabajoSelectAll.sql
		SIMA.Sql\T_C_DetalleOrdenDeTrabajoSelectAllById_Estado.sql = SIMA.Sql\T_C_DetalleOrdenDeTrabajoSelectAllById_Estado.sql
		SIMA.Sql\T_C_DetalleOrdenDeTrabajoSelectAllById_OrdenTrabajo.sql = SIMA.Sql\T_C_DetalleOrdenDeTrabajoSelectAllById_OrdenTrabajo.sql
		SIMA.Sql\T_C_DetalleOrdenDeTrabajoSelectAllById_Solicitud.sql = SIMA.Sql\T_C_DetalleOrdenDeTrabajoSelectAllById_Solicitud.sql
		SIMA.Sql\T_C_DetalleOrdenDeTrabajoUpdate.sql = SIMA.Sql\T_C_DetalleOrdenDeTrabajoUpdate.sql
		SIMA.Sql\T_C_DetalleSolicitudDelete.sql = SIMA.Sql\T_C_DetalleSolicitudDelete.sql
		SIMA.Sql\T_C_DetalleSolicitudDeleteAllById_Equipo.sql = SIMA.Sql\T_C_DetalleSolicitudDeleteAllById_Equipo.sql
		SIMA.Sql\T_C_DetalleSolicitudDeleteAllById_Solicitud.sql = SIMA.Sql\T_C_DetalleSolicitudDeleteAllById_Solicitud.sql
		SIMA.Sql\T_C_DetalleSolicitudInsert.sql = SIMA.Sql\T_C_DetalleSolicitudInsert.sql
		SIMA.Sql\T_C_DetalleSolicitudSelect.sql = SIMA.Sql\T_C_DetalleSolicitudSelect.sql
		SIMA.Sql\T_C_DetalleSolicitudSelectAll.sql = SIMA.Sql\T_C_DetalleSolicitudSelectAll.sql
		SIMA.Sql\T_C_DetalleSolicitudSelectAllById_Equipo.sql = SIMA.Sql\T_C_DetalleSolicitudSelectAllById_Equipo.sql
		SIMA.Sql\T_C_DetalleSolicitudSelectAllById_Solicitud.sql = SIMA.Sql\T_C_DetalleSolicitudSelectAllById_Solicitud.sql
		SIMA.Sql\T_C_DetalleSolicitudUpdate.sql = SIMA.Sql\T_C_DetalleSolicitudUpdate.sql
		SIMA.Sql\T_C_EquipoDelete.sql = SIMA.Sql\T_C_EquipoDelete.sql
		SIMA.Sql\T_C_EquipoDeleteAllById_Area.sql = SIMA.Sql\T_C_EquipoDeleteAllById_Area.sql
		SIMA.Sql\T_C_EquipoDeleteAllById_Equipo.sql = SIMA.Sql\T_C_EquipoDeleteAllById_Equipo.sql
		SIMA.Sql\T_C_EquipoDeleteAllById_Estado.sql = SIMA.Sql\T_C_EquipoDeleteAllById_Estado.sql
		SIMA.Sql\T_C_EquipoDeleteAllById_Modelo.sql = SIMA.Sql\T_C_EquipoDeleteAllById_Modelo.sql
		SIMA.Sql\T_C_EquipoInsert.sql = SIMA.Sql\T_C_EquipoInsert.sql
		SIMA.Sql\T_C_EquipoSelect.sql = SIMA.Sql\T_C_EquipoSelect.sql
		SIMA.Sql\T_C_EquipoSelectAll.sql = SIMA.Sql\T_C_EquipoSelectAll.sql
		SIMA.Sql\T_C_EquipoSelectAllById_Area.sql = SIMA.Sql\T_C_EquipoSelectAllById_Area.sql
		SIMA.Sql\T_C_EquipoSelectAllById_Equipo.sql = SIMA.Sql\T_C_EquipoSelectAllById_Equipo.sql
		SIMA.Sql\T_C_EquipoSelectAllById_Estado.sql = SIMA.Sql\T_C_EquipoSelectAllById_Estado.sql
		SIMA.Sql\T_C_EquipoSelectAllById_Modelo.sql = SIMA.Sql\T_C_EquipoSelectAllById_Modelo.sql
		SIMA.Sql\T_C_EquipoUpdate.sql = SIMA.Sql\T_C_EquipoUpdate.sql
		SIMA.Sql\T_C_EstadoDelete.sql = SIMA.Sql\T_C_EstadoDelete.sql
		SIMA.Sql\T_C_EstadoDeleteAllById_Tabla.sql = SIMA.Sql\T_C_EstadoDeleteAllById_Tabla.sql
		SIMA.Sql\T_C_EstadoInsert.sql = SIMA.Sql\T_C_EstadoInsert.sql
		SIMA.Sql\T_C_EstadoSelect.sql = SIMA.Sql\T_C_EstadoSelect.sql
		SIMA.Sql\T_C_EstadoSelectAll.sql = SIMA.Sql\T_C_EstadoSelectAll.sql
		SIMA.Sql\T_C_EstadoSelectAllById_Tabla.sql = SIMA.Sql\T_C_EstadoSelectAllById_Tabla.sql
		SIMA.Sql\T_C_EstadoUpdate.sql = SIMA.Sql\T_C_EstadoUpdate.sql
		SIMA.Sql\T_C_IncidenciaDelete.sql = SIMA.Sql\T_C_IncidenciaDelete.sql
		SIMA.Sql\T_C_IncidenciaDeleteAllById_Estado.sql = SIMA.Sql\T_C_IncidenciaDeleteAllById_Estado.sql
		SIMA.Sql\T_C_IncidenciaInsert.sql = SIMA.Sql\T_C_IncidenciaInsert.sql
		SIMA.Sql\T_C_IncidenciaSelect.sql = SIMA.Sql\T_C_IncidenciaSelect.sql
		SIMA.Sql\T_C_IncidenciaSelectAll.sql = SIMA.Sql\T_C_IncidenciaSelectAll.sql
		SIMA.Sql\T_C_IncidenciaSelectAllById_Estado.sql = SIMA.Sql\T_C_IncidenciaSelectAllById_Estado.sql
		SIMA.Sql\T_C_IncidenciaUpdate.sql = SIMA.Sql\T_C_IncidenciaUpdate.sql
		SIMA.Sql\T_C_MantenimientoDelete.sql = SIMA.Sql\T_C_MantenimientoDelete.sql
		SIMA.Sql\T_C_MantenimientoDeleteAllById_Estado.sql = SIMA.Sql\T_C_MantenimientoDeleteAllById_Estado.sql
		SIMA.Sql\T_C_MantenimientoDeleteAllById_Incidencia.sql = SIMA.Sql\T_C_MantenimientoDeleteAllById_Incidencia.sql
		SIMA.Sql\T_C_MantenimientoDeleteAllById_OrdenTrabajo.sql = SIMA.Sql\T_C_MantenimientoDeleteAllById_OrdenTrabajo.sql
		SIMA.Sql\T_C_MantenimientoDeleteAllById_TipoMantenimientoEquipo.sql = SIMA.Sql\T_C_MantenimientoDeleteAllById_TipoMantenimientoEquipo.sql
		SIMA.Sql\T_C_MantenimientoDeleteAllById_TurnoMantenimiento.sql = SIMA.Sql\T_C_MantenimientoDeleteAllById_TurnoMantenimiento.sql
		SIMA.Sql\T_C_MantenimientoInsert.sql = SIMA.Sql\T_C_MantenimientoInsert.sql
		SIMA.Sql\T_C_MantenimientoSelect.sql = SIMA.Sql\T_C_MantenimientoSelect.sql
		SIMA.Sql\T_C_MantenimientoSelectAll.sql = SIMA.Sql\T_C_MantenimientoSelectAll.sql
		SIMA.Sql\T_C_MantenimientoSelectAllById_Estado.sql = SIMA.Sql\T_C_MantenimientoSelectAllById_Estado.sql
		SIMA.Sql\T_C_MantenimientoSelectAllById_Incidencia.sql = SIMA.Sql\T_C_MantenimientoSelectAllById_Incidencia.sql
		SIMA.Sql\T_C_MantenimientoSelectAllById_OrdenTrabajo.sql = SIMA.Sql\T_C_MantenimientoSelectAllById_OrdenTrabajo.sql
		SIMA.Sql\T_C_MantenimientoSelectAllById_TipoMantenimientoEquipo.sql = SIMA.Sql\T_C_MantenimientoSelectAllById_TipoMantenimientoEquipo.sql
		SIMA.Sql\T_C_MantenimientoSelectAllById_TurnoMantenimiento.sql = SIMA.Sql\T_C_MantenimientoSelectAllById_TurnoMantenimiento.sql
		SIMA.Sql\T_C_MantenimientoUpdate.sql = SIMA.Sql\T_C_MantenimientoUpdate.sql
		SIMA.Sql\T_C_MarcaDelete.sql = SIMA.Sql\T_C_MarcaDelete.sql
		SIMA.Sql\T_C_MarcaDeleteAllById_Estado.sql = SIMA.Sql\T_C_MarcaDeleteAllById_Estado.sql
		SIMA.Sql\T_C_MarcaInsert.sql = SIMA.Sql\T_C_MarcaInsert.sql
		SIMA.Sql\T_C_MarcaSelect.sql = SIMA.Sql\T_C_MarcaSelect.sql
		SIMA.Sql\T_C_MarcaSelectAll.sql = SIMA.Sql\T_C_MarcaSelectAll.sql
		SIMA.Sql\T_C_MarcaSelectAllById_Estado.sql = SIMA.Sql\T_C_MarcaSelectAllById_Estado.sql
		SIMA.Sql\T_C_MarcaUpdate.sql = SIMA.Sql\T_C_MarcaUpdate.sql
		SIMA.Sql\T_C_ModeloDelete.sql = SIMA.Sql\T_C_ModeloDelete.sql
		SIMA.Sql\T_C_ModeloDeleteAllById_Estado.sql = SIMA.Sql\T_C_ModeloDeleteAllById_Estado.sql
		SIMA.Sql\T_C_ModeloDeleteAllById_Marca.sql = SIMA.Sql\T_C_ModeloDeleteAllById_Marca.sql
		SIMA.Sql\T_C_ModeloInsert.sql = SIMA.Sql\T_C_ModeloInsert.sql
		SIMA.Sql\T_C_ModeloSelect.sql = SIMA.Sql\T_C_ModeloSelect.sql
		SIMA.Sql\T_C_ModeloSelectAll.sql = SIMA.Sql\T_C_ModeloSelectAll.sql
		SIMA.Sql\T_C_ModeloSelectAllById_Estado.sql = SIMA.Sql\T_C_ModeloSelectAllById_Estado.sql
		SIMA.Sql\T_C_ModeloSelectAllById_Marca.sql = SIMA.Sql\T_C_ModeloSelectAllById_Marca.sql
		SIMA.Sql\T_C_ModeloUpdate.sql = SIMA.Sql\T_C_ModeloUpdate.sql
		SIMA.Sql\T_C_MovimientosEquipoDelete.sql = SIMA.Sql\T_C_MovimientosEquipoDelete.sql
		SIMA.Sql\T_C_MovimientosEquipoDeleteAllById_Equipo.sql = SIMA.Sql\T_C_MovimientosEquipoDeleteAllById_Equipo.sql
		SIMA.Sql\T_C_MovimientosEquipoDeleteAllById_Estado.sql = SIMA.Sql\T_C_MovimientosEquipoDeleteAllById_Estado.sql
		SIMA.Sql\T_C_MovimientosEquipoInsert.sql = SIMA.Sql\T_C_MovimientosEquipoInsert.sql
		SIMA.Sql\T_C_MovimientosEquipoSelect.sql = SIMA.Sql\T_C_MovimientosEquipoSelect.sql
		SIMA.Sql\T_C_MovimientosEquipoSelectAll.sql = SIMA.Sql\T_C_MovimientosEquipoSelectAll.sql
		SIMA.Sql\T_C_MovimientosEquipoSelectAllById_Equipo.sql = SIMA.Sql\T_C_MovimientosEquipoSelectAllById_Equipo.sql
		SIMA.Sql\T_C_MovimientosEquipoSelectAllById_Estado.sql = SIMA.Sql\T_C_MovimientosEquipoSelectAllById_Estado.sql
		SIMA.Sql\T_C_MovimientosEquipoUpdate.sql = SIMA.Sql\T_C_MovimientosEquipoUpdate.sql
		SIMA.Sql\T_C_OrdenTrabajoDelete.sql = SIMA.Sql\T_C_OrdenTrabajoDelete.sql
		SIMA.Sql\T_C_OrdenTrabajoDeleteAllById_Estado.sql = SIMA.Sql\T_C_OrdenTrabajoDeleteAllById_Estado.sql
		SIMA.Sql\T_C_OrdenTrabajoDeleteAllById_Usuario.sql = SIMA.Sql\T_C_OrdenTrabajoDeleteAllById_Usuario.sql
		SIMA.Sql\T_C_OrdenTrabajoInsert.sql = SIMA.Sql\T_C_OrdenTrabajoInsert.sql
		SIMA.Sql\T_C_OrdenTrabajoSelect.sql = SIMA.Sql\T_C_OrdenTrabajoSelect.sql
		SIMA.Sql\T_C_OrdenTrabajoSelectAll.sql = SIMA.Sql\T_C_OrdenTrabajoSelectAll.sql
		SIMA.Sql\T_C_OrdenTrabajoSelectAllById_Estado.sql = SIMA.Sql\T_C_OrdenTrabajoSelectAllById_Estado.sql
		SIMA.Sql\T_C_OrdenTrabajoSelectAllById_Usuario.sql = SIMA.Sql\T_C_OrdenTrabajoSelectAllById_Usuario.sql
		SIMA.Sql\T_C_OrdenTrabajoUpdate.sql = SIMA.Sql\T_C_OrdenTrabajoUpdate.sql
		SIMA.Sql\T_C_PedidoDelete.sql = SIMA.Sql\T_C_PedidoDelete.sql
		SIMA.Sql\T_C_PedidoDeleteAllById_Estado.sql = SIMA.Sql\T_C_PedidoDeleteAllById_Estado.sql
		SIMA.Sql\T_C_PedidoDeleteAllById_Mantenimiento.sql = SIMA.Sql\T_C_PedidoDeleteAllById_Mantenimiento.sql
		SIMA.Sql\T_C_PedidoInsert.sql = SIMA.Sql\T_C_PedidoInsert.sql
		SIMA.Sql\T_C_PedidoSelect.sql = SIMA.Sql\T_C_PedidoSelect.sql
		SIMA.Sql\T_C_PedidoSelectAll.sql = SIMA.Sql\T_C_PedidoSelectAll.sql
		SIMA.Sql\T_C_PedidoSelectAllById_Estado.sql = SIMA.Sql\T_C_PedidoSelectAllById_Estado.sql
		SIMA.Sql\T_C_PedidoSelectAllById_Mantenimiento.sql = SIMA.Sql\T_C_PedidoSelectAllById_Mantenimiento.sql
		SIMA.Sql\T_C_PedidoUpdate.sql = SIMA.Sql\T_C_PedidoUpdate.sql
		SIMA.Sql\T_C_PerfilDelete.sql = SIMA.Sql\T_C_PerfilDelete.sql
		SIMA.Sql\T_C_PerfilDeleteAllById_Estado.sql = SIMA.Sql\T_C_PerfilDeleteAllById_Estado.sql
		SIMA.Sql\T_C_PerfilInsert.sql = SIMA.Sql\T_C_PerfilInsert.sql
		SIMA.Sql\T_C_PerfilSelect.sql = SIMA.Sql\T_C_PerfilSelect.sql
		SIMA.Sql\T_C_PerfilSelectAll.sql = SIMA.Sql\T_C_PerfilSelectAll.sql
		SIMA.Sql\T_C_PerfilSelectAllById_Estado.sql = SIMA.Sql\T_C_PerfilSelectAllById_Estado.sql
		SIMA.Sql\T_C_PerfilUpdate.sql = SIMA.Sql\T_C_PerfilUpdate.sql
		SIMA.Sql\T_C_PermisoDelete.sql = SIMA.Sql\T_C_PermisoDelete.sql
		SIMA.Sql\T_C_PermisoDeleteAllById_Estado.sql = SIMA.Sql\T_C_PermisoDeleteAllById_Estado.sql
		SIMA.Sql\T_C_PermisoInsert.sql = SIMA.Sql\T_C_PermisoInsert.sql
		SIMA.Sql\T_C_PermisoSelect.sql = SIMA.Sql\T_C_PermisoSelect.sql
		SIMA.Sql\T_C_PermisoSelectAll.sql = SIMA.Sql\T_C_PermisoSelectAll.sql
		SIMA.Sql\T_C_PermisoSelectAllById_Estado.sql = SIMA.Sql\T_C_PermisoSelectAllById_Estado.sql
		SIMA.Sql\T_C_PermisosXPerfilDelete.sql = SIMA.Sql\T_C_PermisosXPerfilDelete.sql
		SIMA.Sql\T_C_PermisosXPerfilDeleteAllById_Perfil.sql = SIMA.Sql\T_C_PermisosXPerfilDeleteAllById_Perfil.sql
		SIMA.Sql\T_C_PermisosXPerfilDeleteAllById_Permiso.sql = SIMA.Sql\T_C_PermisosXPerfilDeleteAllById_Permiso.sql
		SIMA.Sql\T_C_PermisosXPerfilInsert.sql = SIMA.Sql\T_C_PermisosXPerfilInsert.sql
		SIMA.Sql\T_C_PermisosXPerfilSelectAllById_Perfil.sql = SIMA.Sql\T_C_PermisosXPerfilSelectAllById_Perfil.sql
		SIMA.Sql\T_C_PermisosXPerfilSelectAllById_Permiso.sql = SIMA.Sql\T_C_PermisosXPerfilSelectAllById_Permiso.sql
		SIMA.Sql\T_C_PermisoUpdate.sql = SIMA.Sql\T_C_PermisoUpdate.sql
		SIMA.Sql\T_C_ProductoDelete.sql = SIMA.Sql\T_C_ProductoDelete.sql
		SIMA.Sql\T_C_ProductoDeleteAllById_Estado.sql = SIMA.Sql\T_C_ProductoDeleteAllById_Estado.sql
		SIMA.Sql\T_C_ProductoDeleteAllById_Requerimiento.sql = SIMA.Sql\T_C_ProductoDeleteAllById_Requerimiento.sql
		SIMA.Sql\T_C_ProductoInsert.sql = SIMA.Sql\T_C_ProductoInsert.sql
		SIMA.Sql\T_C_ProductoSelect.sql = SIMA.Sql\T_C_ProductoSelect.sql
		SIMA.Sql\T_C_ProductoSelectAll.sql = SIMA.Sql\T_C_ProductoSelectAll.sql
		SIMA.Sql\T_C_ProductoSelectAllById_Estado.sql = SIMA.Sql\T_C_ProductoSelectAllById_Estado.sql
		SIMA.Sql\T_C_ProductoSelectAllById_Requerimiento.sql = SIMA.Sql\T_C_ProductoSelectAllById_Requerimiento.sql
		SIMA.Sql\T_C_ProductoUpdate.sql = SIMA.Sql\T_C_ProductoUpdate.sql
		SIMA.Sql\T_C_RequerimientoDelete.sql = SIMA.Sql\T_C_RequerimientoDelete.sql
		SIMA.Sql\T_C_RequerimientoDeleteAllById_Equipo.sql = SIMA.Sql\T_C_RequerimientoDeleteAllById_Equipo.sql
		SIMA.Sql\T_C_RequerimientoDeleteAllById_Estado.sql = SIMA.Sql\T_C_RequerimientoDeleteAllById_Estado.sql
		SIMA.Sql\T_C_RequerimientoInsert.sql = SIMA.Sql\T_C_RequerimientoInsert.sql
		SIMA.Sql\T_C_RequerimientoSelect.sql = SIMA.Sql\T_C_RequerimientoSelect.sql
		SIMA.Sql\T_C_RequerimientoSelectAll.sql = SIMA.Sql\T_C_RequerimientoSelectAll.sql
		SIMA.Sql\T_C_RequerimientoSelectAllById_Equipo.sql = SIMA.Sql\T_C_RequerimientoSelectAllById_Equipo.sql
		SIMA.Sql\T_C_RequerimientoSelectAllById_Estado.sql = SIMA.Sql\T_C_RequerimientoSelectAllById_Estado.sql
		SIMA.Sql\T_C_RequerimientoUpdate.sql = SIMA.Sql\T_C_RequerimientoUpdate.sql
		SIMA.Sql\T_C_SolicitudDelete.sql = SIMA.Sql\T_C_SolicitudDelete.sql
		SIMA.Sql\T_C_SolicitudDeleteAllById_Estado.sql = SIMA.Sql\T_C_SolicitudDeleteAllById_Estado.sql
		SIMA.Sql\T_C_SolicitudInsert.sql = SIMA.Sql\T_C_SolicitudInsert.sql
		SIMA.Sql\T_C_SolicitudSelect.sql = SIMA.Sql\T_C_SolicitudSelect.sql
		SIMA.Sql\T_C_SolicitudSelectAll.sql = SIMA.Sql\T_C_SolicitudSelectAll.sql
		SIMA.Sql\T_C_SolicitudSelectAllById_Estado.sql = SIMA.Sql\T_C_SolicitudSelectAllById_Estado.sql
		SIMA.Sql\T_C_SolicitudUpdate.sql = SIMA.Sql\T_C_SolicitudUpdate.sql
		SIMA.Sql\T_C_TablaDelete.sql = SIMA.Sql\T_C_TablaDelete.sql
		SIMA.Sql\T_C_TablaInsert.sql = SIMA.Sql\T_C_TablaInsert.sql
		SIMA.Sql\T_C_TablaSelect.sql = SIMA.Sql\T_C_TablaSelect.sql
		SIMA.Sql\T_C_TablaSelectAll.sql = SIMA.Sql\T_C_TablaSelectAll.sql
		SIMA.Sql\T_C_TablaUpdate.sql = SIMA.Sql\T_C_TablaUpdate.sql
		SIMA.Sql\T_C_TipoMantenimientoDelete.sql = SIMA.Sql\T_C_TipoMantenimientoDelete.sql
		SIMA.Sql\T_C_TipoMantenimientoDeleteAllById_Estado.sql = SIMA.Sql\T_C_TipoMantenimientoDeleteAllById_Estado.sql
		SIMA.Sql\T_C_TipoMantenimientoInsert.sql = SIMA.Sql\T_C_TipoMantenimientoInsert.sql
		SIMA.Sql\T_C_TipoMantenimientoPorEquipoDelete.sql = SIMA.Sql\T_C_TipoMantenimientoPorEquipoDelete.sql
		SIMA.Sql\T_C_TipoMantenimientoPorEquipoDeleteAllById_Equipo.sql = SIMA.Sql\T_C_TipoMantenimientoPorEquipoDeleteAllById_Equipo.sql
		SIMA.Sql\T_C_TipoMantenimientoPorEquipoDeleteAllById_Estado.sql = SIMA.Sql\T_C_TipoMantenimientoPorEquipoDeleteAllById_Estado.sql
		SIMA.Sql\T_C_TipoMantenimientoPorEquipoDeleteAllById_Tipo.sql = SIMA.Sql\T_C_TipoMantenimientoPorEquipoDeleteAllById_Tipo.sql
		SIMA.Sql\T_C_TipoMantenimientoPorEquipoInsert.sql = SIMA.Sql\T_C_TipoMantenimientoPorEquipoInsert.sql
		SIMA.Sql\T_C_TipoMantenimientoPorEquipoSelect.sql = SIMA.Sql\T_C_TipoMantenimientoPorEquipoSelect.sql
		SIMA.Sql\T_C_TipoMantenimientoPorEquipoSelectAll.sql = SIMA.Sql\T_C_TipoMantenimientoPorEquipoSelectAll.sql
		SIMA.Sql\T_C_TipoMantenimientoPorEquipoSelectAllById_Equipo.sql = SIMA.Sql\T_C_TipoMantenimientoPorEquipoSelectAllById_Equipo.sql
		SIMA.Sql\T_C_TipoMantenimientoPorEquipoSelectAllById_Estado.sql = SIMA.Sql\T_C_TipoMantenimientoPorEquipoSelectAllById_Estado.sql
		SIMA.Sql\T_C_TipoMantenimientoPorEquipoSelectAllById_Tipo.sql = SIMA.Sql\T_C_TipoMantenimientoPorEquipoSelectAllById_Tipo.sql
		SIMA.Sql\T_C_TipoMantenimientoPorEquipoUpdate.sql = SIMA.Sql\T_C_TipoMantenimientoPorEquipoUpdate.sql
		SIMA.Sql\T_C_TipoMantenimientoSelect.sql = SIMA.Sql\T_C_TipoMantenimientoSelect.sql
		SIMA.Sql\T_C_TipoMantenimientoSelectAll.sql = SIMA.Sql\T_C_TipoMantenimientoSelectAll.sql
		SIMA.Sql\T_C_TipoMantenimientoSelectAllById_Estado.sql = SIMA.Sql\T_C_TipoMantenimientoSelectAllById_Estado.sql
		SIMA.Sql\T_C_TipoMantenimientoUpdate.sql = SIMA.Sql\T_C_TipoMantenimientoUpdate.sql
		SIMA.Sql\T_C_TrabajoDelete.sql = SIMA.Sql\T_C_TrabajoDelete.sql
		SIMA.Sql\T_C_TrabajoDeleteAllById_Estado.sql = SIMA.Sql\T_C_TrabajoDeleteAllById_Estado.sql
		SIMA.Sql\T_C_TrabajoDeleteAllById_Producto.sql = SIMA.Sql\T_C_TrabajoDeleteAllById_Producto.sql
		SIMA.Sql\T_C_TrabajoInsert.sql = SIMA.Sql\T_C_TrabajoInsert.sql
		SIMA.Sql\T_C_TrabajoSelect.sql = SIMA.Sql\T_C_TrabajoSelect.sql
		SIMA.Sql\T_C_TrabajoSelectAll.sql = SIMA.Sql\T_C_TrabajoSelectAll.sql
		SIMA.Sql\T_C_TrabajoSelectAllById_Estado.sql = SIMA.Sql\T_C_TrabajoSelectAllById_Estado.sql
		SIMA.Sql\T_C_TrabajoSelectAllById_Producto.sql = SIMA.Sql\T_C_TrabajoSelectAllById_Producto.sql
		SIMA.Sql\T_C_TrabajoUpdate.sql = SIMA.Sql\T_C_TrabajoUpdate.sql
		SIMA.Sql\T_C_TurnoMantenimientoDelete.sql = SIMA.Sql\T_C_TurnoMantenimientoDelete.sql
		SIMA.Sql\T_C_TurnoMantenimientoDeleteAllById_Estado.sql = SIMA.Sql\T_C_TurnoMantenimientoDeleteAllById_Estado.sql
		SIMA.Sql\T_C_TurnoMantenimientoInsert.sql = SIMA.Sql\T_C_TurnoMantenimientoInsert.sql
		SIMA.Sql\T_C_TurnoMantenimientoSelect.sql = SIMA.Sql\T_C_TurnoMantenimientoSelect.sql
		SIMA.Sql\T_C_TurnoMantenimientoSelectAll.sql = SIMA.Sql\T_C_TurnoMantenimientoSelectAll.sql
		SIMA.Sql\T_C_TurnoMantenimientoSelectAllById_Estado.sql = SIMA.Sql\T_C_TurnoMantenimientoSelectAllById_Estado.sql
		SIMA.Sql\T_C_TurnoMantenimientoUpdate.sql = SIMA.Sql\T_C_TurnoMantenimientoUpdate.sql
		SIMA.Sql\T_C_TurnoTrabajadorDelete.sql = SIMA.Sql\T_C_TurnoTrabajadorDelete.sql
		SIMA.Sql\T_C_TurnoTrabajadorDeleteAllById_TurnoMantenimiento.sql = SIMA.Sql\T_C_TurnoTrabajadorDeleteAllById_TurnoMantenimiento.sql
		SIMA.Sql\T_C_TurnoTrabajadorInsert.sql = SIMA.Sql\T_C_TurnoTrabajadorInsert.sql
		SIMA.Sql\T_C_TurnoTrabajadorSelect.sql = SIMA.Sql\T_C_TurnoTrabajadorSelect.sql
		SIMA.Sql\T_C_TurnoTrabajadorSelectAll.sql = SIMA.Sql\T_C_TurnoTrabajadorSelectAll.sql
		SIMA.Sql\T_C_TurnoTrabajadorSelectAllById_TurnoMantenimiento.sql = SIMA.Sql\T_C_TurnoTrabajadorSelectAllById_TurnoMantenimiento.sql
		SIMA.Sql\T_C_UsuarioDelete.sql = SIMA.Sql\T_C_UsuarioDelete.sql
		SIMA.Sql\T_C_UsuarioDeleteAllById_Estado.sql = SIMA.Sql\T_C_UsuarioDeleteAllById_Estado.sql
		SIMA.Sql\T_C_UsuarioDeleteAllById_Perfil.sql = SIMA.Sql\T_C_UsuarioDeleteAllById_Perfil.sql
		SIMA.Sql\T_C_UsuarioDeleteAllById_TurnoMantenimiento_Id_Trabajador.sql = SIMA.Sql\T_C_UsuarioDeleteAllById_TurnoMantenimiento_Id_Trabajador.sql
		SIMA.Sql\T_C_UsuarioInsert.sql = SIMA.Sql\T_C_UsuarioInsert.sql
		SIMA.Sql\T_C_UsuarioSelect.sql = SIMA.Sql\T_C_UsuarioSelect.sql
		SIMA.Sql\T_C_UsuarioSelectAll.sql = SIMA.Sql\T_C_UsuarioSelectAll.sql
		SIMA.Sql\T_C_UsuarioSelectAllById_Estado.sql = SIMA.Sql\T_C_UsuarioSelectAllById_Estado.sql
		SIMA.Sql\T_C_UsuarioSelectAllById_Perfil.sql = SIMA.Sql\T_C_UsuarioSelectAllById_Perfil.sql
		SIMA.Sql\T_C_UsuarioSelectAllById_TurnoMantenimiento_Id_Trabajador.sql = SIMA.Sql\T_C_UsuarioSelectAllById_TurnoMantenimiento_Id_Trabajador.sql
		SIMA.Sql\T_C_UsuarioUpdate.sql = SIMA.Sql\T_C_UsuarioUpdate.sql
	EndProjectSection
EndProject
Project("{2150E333-8FDC-42A3-9474-1A3956D46DE8}") = "Librerias", "Librerias", "{E5BF1F4E-376A-4E28-8B0A-44A8AACBEBD1}"
	ProjectSection(SolutionItems) = preProject
		SIMA.Librerias\Telerik.Windows.Controls.Charting.dll = SIMA.Librerias\Telerik.Windows.Controls.Charting.dll
		SIMA.Librerias\Telerik.Windows.Controls.Data.dll = SIMA.Librerias\Telerik.Windows.Controls.Data.dll
		SIMA.Librerias\Telerik.Windows.Controls.DataVisualization.dll = SIMA.Librerias\Telerik.Windows.Controls.DataVisualization.dll
		SIMA.Librerias\Telerik.Windows.Controls.dll = SIMA.Librerias\Telerik.Windows.Controls.dll
		SIMA.Librerias\Telerik.Windows.Controls.Docking.dll = SIMA.Librerias\Telerik.Windows.Controls.Docking.dll
		SIMA.Librerias\Telerik.Windows.Controls.Gauge.dll = SIMA.Librerias\Telerik.Windows.Controls.Gauge.dll
		SIMA.Librerias\Telerik.Windows.Controls.GridView.dll = SIMA.Librerias\Telerik.Windows.Controls.GridView.dll
		SIMA.Librerias\Telerik.Windows.Controls.Input.dll = SIMA.Librerias\Telerik.Windows.Controls.Input.dll
		SIMA.Librerias\Telerik.Windows.Controls.Navigation.dll = SIMA.Librerias\Telerik.Windows.Controls.Navigation.dll
		SIMA.Librerias\Telerik.Windows.Controls.RibbonBar.dll = SIMA.Librerias\Telerik.Windows.Controls.RibbonBar.dll
		SIMA.Librerias\Telerik.Windows.Controls.Scheduler.dll = SIMA.Librerias\Telerik.Windows.Controls.Scheduler.dll
		SIMA.Librerias\Telerik.Windows.Data.dll = SIMA.Librerias\Telerik.Windows.Data.dll
	EndProjectSection
EndProject
Global
	GlobalSection(SolutionConfigurationPlatforms) = preSolution
		Debug|Any CPU = Debug|Any CPU
		Release|Any CPU = Release|Any CPU
	EndGlobalSection
	GlobalSection(ProjectConfigurationPlatforms) = postSolution
		{39C7FC77-9EBD-40E0-A219-23C9E3F9779F}.Debug|Any CPU.ActiveCfg = Debug|Any CPU
		{39C7FC77-9EBD-40E0-A219-23C9E3F9779F}.Debug|Any CPU.Build.0 = Debug|Any CPU
		{39C7FC77-9EBD-40E0-A219-23C9E3F9779F}.Release|Any CPU.ActiveCfg = Release|Any CPU
		{39C7FC77-9EBD-40E0-A219-23C9E3F9779F}.Release|Any CPU.Build.0 = Release|Any CPU
		{55701086-452E-40A4-A8A0-8DDBF02D0469}.Debug|Any CPU.ActiveCfg = Debug|Any CPU
		{55701086-452E-40A4-A8A0-8DDBF02D0469}.Debug|Any CPU.Build.0 = Debug|Any CPU
		{55701086-452E-40A4-A8A0-8DDBF02D0469}.Release|Any CPU.ActiveCfg = Release|Any CPU
		{55701086-452E-40A4-A8A0-8DDBF02D0469}.Release|Any CPU.Build.0 = Release|Any CPU
		{66348996-DB50-4531-B8B3-BE8BF79A83CD}.Debug|Any CPU.ActiveCfg = Debug|Any CPU
		{66348996-DB50-4531-B8B3-BE8BF79A83CD}.Debug|Any CPU.Build.0 = Debug|Any CPU
		{66348996-DB50-4531-B8B3-BE8BF79A83CD}.Release|Any CPU.ActiveCfg = Release|Any CPU
		{66348996-DB50-4531-B8B3-BE8BF79A83CD}.Release|Any CPU.Build.0 = Release|Any CPU
		{3705EB81-6002-484F-82D4-2C3DCA33EB3F}.Debug|Any CPU.ActiveCfg = Debug|Any CPU
		{3705EB81-6002-484F-82D4-2C3DCA33EB3F}.Debug|Any CPU.Build.0 = Debug|Any CPU
		{3705EB81-6002-484F-82D4-2C3DCA33EB3F}.Release|Any CPU.ActiveCfg = Release|Any CPU
		{3705EB81-6002-484F-82D4-2C3DCA33EB3F}.Release|Any CPU.Build.0 = Release|Any CPU
	EndGlobalSection
	GlobalSection(SolutionProperties) = preSolution
		HideSolutionNode = FALSE
	EndGlobalSection
	GlobalSection(NestedProjects) = preSolution
		{39C7FC77-9EBD-40E0-A219-23C9E3F9779F} = {E3BB3F8E-ABE9-4476-9A76-63638EFCB7C8}
		{66348996-DB50-4531-B8B3-BE8BF79A83CD} = {425C7C2A-6393-4F25-B06B-4878C860ACEA}
		{55701086-452E-40A4-A8A0-8DDBF02D0469} = {425C7C2A-6393-4F25-B06B-4878C860ACEA}
		{3705EB81-6002-484F-82D4-2C3DCA33EB3F} = {E8AFA90F-CA7B-4B32-828F-38B476E4C716}
	EndGlobalSection
EndGlobal
